// !$*UTF8*$!
{
	archiveVersion = 1;
	classes = {
	};
	objectVersion = 50;
	objects = {

/* Begin PBXBuildFile section */
		2DA43CCA21DE4EF000ED94DD /* AppDelegate.swift in Sources */ = {isa = PBXBuildFile; fileRef = 2DA43CC921DE4EF000ED94DD /* AppDelegate.swift */; };
		2DA43CCC21DE4EF000ED94DD /* ViewController.swift in Sources */ = {isa = PBXBuildFile; fileRef = 2DA43CCB21DE4EF000ED94DD /* ViewController.swift */; };
		2DA43CCF21DE4EF000ED94DD /* Main.storyboard in Resources */ = {isa = PBXBuildFile; fileRef = 2DA43CCD21DE4EF000ED94DD /* Main.storyboard */; };
		2DA43CD121DE4EF100ED94DD /* Assets.xcassets in Resources */ = {isa = PBXBuildFile; fileRef = 2DA43CD021DE4EF100ED94DD /* Assets.xcassets */; };
		2DA43CD421DE4EF100ED94DD /* LaunchScreen.storyboard in Resources */ = {isa = PBXBuildFile; fileRef = 2DA43CD221DE4EF100ED94DD /* LaunchScreen.storyboard */; };
		2DA43CDF21DE4EF100ED94DD /* sampleTests.swift in Sources */ = {isa = PBXBuildFile; fileRef = 2DA43CDE21DE4EF100ED94DD /* sampleTests.swift */; };
		2DA43CEA21DE4EF100ED94DD /* sampleUITests.swift in Sources */ = {isa = PBXBuildFile; fileRef = 2DA43CE921DE4EF100ED94DD /* sampleUITests.swift */; };
/* End PBXBuildFile section */

/* Begin PBXContainerItemProxy section */
		2DA43CDB21DE4EF100ED94DD /* PBXContainerItemProxy */ = {
			isa = PBXContainerItemProxy;
			containerPortal = 2DA43CBE21DE4EF000ED94DD /* Project object */;
			proxyType = 1;
			remoteGlobalIDString = 2DA43CC521DE4EF000ED94DD;
			remoteInfo = sample;
		};
		2DA43CE621DE4EF100ED94DD /* PBXContainerItemProxy */ = {
			isa = PBXContainerItemProxy;
			containerPortal = 2DA43CBE21DE4EF000ED94DD /* Project object */;
			proxyType = 1;
			remoteGlobalIDString = 2DA43CC521DE4EF000ED94DD;
			remoteInfo = sample;
		};
/* End PBXContainerItemProxy section */

/* Begin PBXFileReference section */
		2DA43CC621DE4EF000ED94DD /* sample.app */ = {isa = PBXFileReference; explicitFileType = wrapper.application; includeInIndex = 0; path = sample.app; sourceTree = BUILT_PRODUCTS_DIR; };
		2DA43CC921DE4EF000ED94DD /* AppDelegate.swift */ = {isa = PBXFileReference; lastKnownFileType = sourcecode.swift; path = AppDelegate.swift; sourceTree = "<group>"; };
		2DA43CCB21DE4EF000ED94DD /* ViewController.swift */ = {isa = PBXFileReference; lastKnownFileType = sourcecode.swift; path = ViewController.swift; sourceTree = "<group>"; };
		2DA43CCE21DE4EF000ED94DD /* Base */ = {isa = PBXFileReference; lastKnownFileType = file.storyboard; name = Base; path = Base.lproj/Main.storyboard; sourceTree = "<group>"; };
		2DA43CD021DE4EF100ED94DD /* Assets.xcassets */ = {isa = PBXFileReference; lastKnownFileType = folder.assetcatalog; path = Assets.xcassets; sourceTree = "<group>"; };
		2DA43CD321DE4EF100ED94DD /* Base */ = {isa = PBXFileReference; lastKnownFileType = file.storyboard; name = Base; path = Base.lproj/LaunchScreen.storyboard; sourceTree = "<group>"; };
		2DA43CD521DE4EF100ED94DD /* Info.plist */ = {isa = PBXFileReference; lastKnownFileType = text.plist.xml; path = Info.plist; sourceTree = "<group>"; };
		2DA43CDA21DE4EF100ED94DD /* sampleTests.xctest */ = {isa = PBXFileReference; explicitFileType = wrapper.cfbundle; includeInIndex = 0; path = sampleTests.xctest; sourceTree = BUILT_PRODUCTS_DIR; };
		2DA43CDE21DE4EF100ED94DD /* sampleTests.swift */ = {isa = PBXFileReference; lastKnownFileType = sourcecode.swift; path = sampleTests.swift; sourceTree = "<group>"; };
		2DA43CE021DE4EF100ED94DD /* Info.plist */ = {isa = PBXFileReference; lastKnownFileType = text.plist.xml; path = Info.plist; sourceTree = "<group>"; };
		2DA43CE521DE4EF100ED94DD /* sampleUITests.xctest */ = {isa = PBXFileReference; explicitFileType = wrapper.cfbundle; includeInIndex = 0; path = sampleUITests.xctest; sourceTree = BUILT_PRODUCTS_DIR; };
		2DA43CE921DE4EF100ED94DD /* sampleUITests.swift */ = {isa = PBXFileReference; lastKnownFileType = sourcecode.swift; path = sampleUITests.swift; sourceTree = "<group>"; };
		2DA43CEB21DE4EF100ED94DD /* Info.plist */ = {isa = PBXFileReference; lastKnownFileType = text.plist.xml; path = Info.plist; sourceTree = "<group>"; };
/* End PBXFileReference section */

/* Begin PBXFrameworksBuildPhase section */
		2DA43CC321DE4EF000ED94DD /* Frameworks */ = {
			isa = PBXFrameworksBuildPhase;
			buildActionMask = 2147483647;
			files = (
			);
			runOnlyForDeploymentPostprocessing = 0;
		};
		2DA43CD721DE4EF100ED94DD /* Frameworks */ = {
			isa = PBXFrameworksBuildPhase;
			buildActionMask = 2147483647;
			files = (
			);
			runOnlyForDeploymentPostprocessing = 0;
		};
		2DA43CE221DE4EF100ED94DD /* Frameworks */ = {
			isa = PBXFrameworksBuildPhase;
			buildActionMask = 2147483647;
			files = (
			);
			runOnlyForDeploymentPostprocessing = 0;
		};
/* End PBXFrameworksBuildPhase section */

/* Begin PBXGroup section */
		2DA43CBD21DE4EF000ED94DD = {
			isa = PBXGroup;
			children = (
				2DA43CC821DE4EF000ED94DD /* sample */,
				2DA43CDD21DE4EF100ED94DD /* sampleTests */,
				2DA43CE821DE4EF100ED94DD /* sampleUITests */,
				2DA43CC721DE4EF000ED94DD /* Products */,
			);
			sourceTree = "<group>";
		};
		2DA43CC721DE4EF000ED94DD /* Products */ = {
			isa = PBXGroup;
			children = (
				2DA43CC621DE4EF000ED94DD /* sample.app */,
				2DA43CDA21DE4EF100ED94DD /* sampleTests.xctest */,
				2DA43CE521DE4EF100ED94DD /* sampleUITests.xctest */,
			);
			name = Products;
			sourceTree = "<group>";
		};
		2DA43CC821DE4EF000ED94DD /* sample */ = {
			isa = PBXGroup;
			children = (
				2DA43CC921DE4EF000ED94DD /* AppDelegate.swift */,
				2DA43CCB21DE4EF000ED94DD /* ViewController.swift */,
				2DA43CCD21DE4EF000ED94DD /* Main.storyboard */,
				2DA43CD021DE4EF100ED94DD /* Assets.xcassets */,
				2DA43CD221DE4EF100ED94DD /* LaunchScreen.storyboard */,
				2DA43CD521DE4EF100ED94DD /* Info.plist */,
			);
			path = sample;
			sourceTree = "<group>";
		};
		2DA43CDD21DE4EF100ED94DD /* sampleTests */ = {
			isa = PBXGroup;
			children = (
				2DA43CDE21DE4EF100ED94DD /* sampleTests.swift */,
				2DA43CE021DE4EF100ED94DD /* Info.plist */,
			);
			path = sampleTests;
			sourceTree = "<group>";
		};
		2DA43CE821DE4EF100ED94DD /* sampleUITests */ = {
			isa = PBXGroup;
			children = (
				2DA43CE921DE4EF100ED94DD /* sampleUITests.swift */,
				2DA43CEB21DE4EF100ED94DD /* Info.plist */,
			);
			path = sampleUITests;
			sourceTree = "<group>";
		};
/* End PBXGroup section */

/* Begin PBXNativeTarget section */
		2DA43CC521DE4EF000ED94DD /* sample */ = {
			isa = PBXNativeTarget;
			buildConfigurationList = 2DA43CEE21DE4EF100ED94DD /* Build configuration list for PBXNativeTarget "sample" */;
			buildPhases = (
				2DA43CC221DE4EF000ED94DD /* Sources */,
				2DA43CC321DE4EF000ED94DD /* Frameworks */,
				2DA43CC421DE4EF000ED94DD /* Resources */,
			);
			buildRules = (
			);
			dependencies = (
			);
			name = sample;
			productName = sample;
			productReference = 2DA43CC621DE4EF000ED94DD /* sample.app */;
			productType = "com.apple.product-type.application";
		};
		2DA43CD921DE4EF100ED94DD /* sampleTests */ = {
			isa = PBXNativeTarget;
			buildConfigurationList = 2DA43CF121DE4EF100ED94DD /* Build configuration list for PBXNativeTarget "sampleTests" */;
			buildPhases = (
				2DA43CD621DE4EF100ED94DD /* Sources */,
				2DA43CD721DE4EF100ED94DD /* Frameworks */,
				2DA43CD821DE4EF100ED94DD /* Resources */,
			);
			buildRules = (
			);
			dependencies = (
				2DA43CDC21DE4EF100ED94DD /* PBXTargetDependency */,
			);
			name = sampleTests;
			productName = sampleTests;
			productReference = 2DA43CDA21DE4EF100ED94DD /* sampleTests.xctest */;
			productType = "com.apple.product-type.bundle.unit-test";
		};
		2DA43CE421DE4EF100ED94DD /* sampleUITests */ = {
			isa = PBXNativeTarget;
			buildConfigurationList = 2DA43CF421DE4EF100ED94DD /* Build configuration list for PBXNativeTarget "sampleUITests" */;
			buildPhases = (
				2DA43CE121DE4EF100ED94DD /* Sources */,
				2DA43CE221DE4EF100ED94DD /* Frameworks */,
				2DA43CE321DE4EF100ED94DD /* Resources */,
			);
			buildRules = (
			);
			dependencies = (
				2DA43CE721DE4EF100ED94DD /* PBXTargetDependency */,
			);
			name = sampleUITests;
			productName = sampleUITests;
			productReference = 2DA43CE521DE4EF100ED94DD /* sampleUITests.xctest */;
			productType = "com.apple.product-type.bundle.ui-testing";
		};
/* End PBXNativeTarget section */

/* Begin PBXProject section */
		2DA43CBE21DE4EF000ED94DD /* Project object */ = {
			isa = PBXProject;
			attributes = {
				LastSwiftUpdateCheck = 1010;
				LastUpgradeCheck = 1010;
				ORGANIZATIONNAME = uraura;
				TargetAttributes = {
					2DA43CC521DE4EF000ED94DD = {
						CreatedOnToolsVersion = 10.1;
					};
					2DA43CD921DE4EF100ED94DD = {
						CreatedOnToolsVersion = 10.1;
						TestTargetID = 2DA43CC521DE4EF000ED94DD;
					};
					2DA43CE421DE4EF100ED94DD = {
						CreatedOnToolsVersion = 10.1;
						TestTargetID = 2DA43CC521DE4EF000ED94DD;
					};
				};
			};
			buildConfigurationList = 2DA43CC121DE4EF000ED94DD /* Build configuration list for PBXProject "sample" */;
			compatibilityVersion = "Xcode 9.3";
			developmentRegion = en;
			hasScannedForEncodings = 0;
			knownRegions = (
				en,
				Base,
			);
			mainGroup = 2DA43CBD21DE4EF000ED94DD;
			productRefGroup = 2DA43CC721DE4EF000ED94DD /* Products */;
			projectDirPath = "";
			projectRoot = "";
			targets = (
				2DA43CC521DE4EF000ED94DD /* sample */,
				2DA43CD921DE4EF100ED94DD /* sampleTests */,
				2DA43CE421DE4EF100ED94DD /* sampleUITests */,
			);
		};
/* End PBXProject section */

/* Begin PBXResourcesBuildPhase section */
		2DA43CC421DE4EF000ED94DD /* Resources */ = {
			isa = PBXResourcesBuildPhase;
			buildActionMask = 2147483647;
			files = (
				2DA43CD421DE4EF100ED94DD /* LaunchScreen.storyboard in Resources */,
				2DA43CD121DE4EF100ED94DD /* Assets.xcassets in Resources */,
				2DA43CCF21DE4EF000ED94DD /* Main.storyboard in Resources */,
			);
			runOnlyForDeploymentPostprocessing = 0;
		};
		2DA43CD821DE4EF100ED94DD /* Resources */ = {
			isa = PBXResourcesBuildPhase;
			buildActionMask = 2147483647;
			files = (
			);
			runOnlyForDeploymentPostprocessing = 0;
		};
		2DA43CE321DE4EF100ED94DD /* Resources */ = {
			isa = PBXResourcesBuildPhase;
			buildActionMask = 2147483647;
			files = (
			);
			runOnlyForDeploymentPostprocessing = 0;
		};
/* End PBXResourcesBuildPhase section */

/* Begin PBXSourcesBuildPhase section */
		2DA43CC221DE4EF000ED94DD /* Sources */ = {
			isa = PBXSourcesBuildPhase;
			buildActionMask = 2147483647;
			files = (
				2DA43CCC21DE4EF000ED94DD /* ViewController.swift in Sources */,
				2DA43CCA21DE4EF000ED94DD /* AppDelegate.swift in Sources */,
			);
			runOnlyForDeploymentPostprocessing = 0;
		};
		2DA43CD621DE4EF100ED94DD /* Sources */ = {
			isa = PBXSourcesBuildPhase;
			buildActionMask = 2147483647;
			files = (
				2DA43CDF21DE4EF100ED94DD /* sampleTests.swift in Sources */,
			);
			runOnlyForDeploymentPostprocessing = 0;
		};
		2DA43CE121DE4EF100ED94DD /* Sources */ = {
			isa = PBXSourcesBuildPhase;
			buildActionMask = 2147483647;
			files = (
				2DA43CEA21DE4EF100ED94DD /* sampleUITests.swift in Sources */,
			);
			runOnlyForDeploymentPostprocessing = 0;
		};
/* End PBXSourcesBuildPhase section */

/* Begin PBXTargetDependency section */
		2DA43CDC21DE4EF100ED94DD /* PBXTargetDependency */ = {
			isa = PBXTargetDependency;
			target = 2DA43CC521DE4EF000ED94DD /* sample */;
			targetProxy = 2DA43CDB21DE4EF100ED94DD /* PBXContainerItemProxy */;
		};
		2DA43CE721DE4EF100ED94DD /* PBXTargetDependency */ = {
			isa = PBXTargetDependency;
			target = 2DA43CC521DE4EF000ED94DD /* sample */;
			targetProxy = 2DA43CE621DE4EF100ED94DD /* PBXContainerItemProxy */;
		};
/* End PBXTargetDependency section */

/* Begin PBXVariantGroup section */
		2DA43CCD21DE4EF000ED94DD /* Main.storyboard */ = {
			isa = PBXVariantGroup;
			children = (
				2DA43CCE21DE4EF000ED94DD /* Base */,
			);
			name = Main.storyboard;
			sourceTree = "<group>";
		};
		2DA43CD221DE4EF100ED94DD /* LaunchScreen.storyboard */ = {
			isa = PBXVariantGroup;
			children = (
				2DA43CD321DE4EF100ED94DD /* Base */,
			);
			name = LaunchScreen.storyboard;
			sourceTree = "<group>";
		};
/* End PBXVariantGroup section */

/* Begin XCBuildConfiguration section */
		2DA43CEC21DE4EF100ED94DD /* Debug */ = {
			isa = XCBuildConfiguration;
			buildSettings = {
				ALWAYS_SEARCH_USER_PATHS = NO;
				CLANG_ANALYZER_NONNULL = YES;
				CLANG_ANALYZER_NUMBER_OBJECT_CONVERSION = YES_AGGRESSIVE;
				CLANG_CXX_LANGUAGE_STANDARD = "gnu++14";
				CLANG_CXX_LIBRARY = "libc++";
				CLANG_ENABLE_MODULES = YES;
				CLANG_ENABLE_OBJC_ARC = YES;
				CLANG_ENABLE_OBJC_WEAK = YES;
				CLANG_WARN_BLOCK_CAPTURE_AUTORELEASING = YES;
				CLANG_WARN_BOOL_CONVERSION = YES;
				CLANG_WARN_COMMA = YES;
				CLANG_WARN_CONSTANT_CONVERSION = YES;
				CLANG_WARN_DEPRECATED_OBJC_IMPLEMENTATIONS = YES;
				CLANG_WARN_DIRECT_OBJC_ISA_USAGE = YES_ERROR;
				CLANG_WARN_DOCUMENTATION_COMMENTS = YES;
				CLANG_WARN_EMPTY_BODY = YES;
				CLANG_WARN_ENUM_CONVERSION = YES;
				CLANG_WARN_INFINITE_RECURSION = YES;
				CLANG_WARN_INT_CONVERSION = YES;
				CLANG_WARN_NON_LITERAL_NULL_CONVERSION = YES;
				CLANG_WARN_OBJC_IMPLICIT_RETAIN_SELF = YES;
				CLANG_WARN_OBJC_LITERAL_CONVERSION = YES;
				CLANG_WARN_OBJC_ROOT_CLASS = YES_ERROR;
				CLANG_WARN_RANGE_LOOP_ANALYSIS = YES;
				CLANG_WARN_STRICT_PROTOTYPES = YES;
				CLANG_WARN_SUSPICIOUS_MOVE = YES;
				CLANG_WARN_UNGUARDED_AVAILABILITY = YES_AGGRESSIVE;
				CLANG_WARN_UNREACHABLE_CODE = YES;
				CLANG_WARN__DUPLICATE_METHOD_MATCH = YES;
				CODE_SIGN_IDENTITY = "iPhone Developer";
				COPY_PHASE_STRIP = NO;
				DEBUG_INFORMATION_FORMAT = dwarf;
				ENABLE_STRICT_OBJC_MSGSEND = YES;
				ENABLE_TESTABILITY = YES;
				GCC_C_LANGUAGE_STANDARD = gnu11;
				GCC_DYNAMIC_NO_PIC = NO;
				GCC_NO_COMMON_BLOCKS = YES;
				GCC_OPTIMIZATION_LEVEL = 0;
				GCC_PREPROCESSOR_DEFINITIONS = (
					"DEBUG=1",
					"$(inherited)",
				);
				GCC_WARN_64_TO_32_BIT_CONVERSION = YES;
				GCC_WARN_ABOUT_RETURN_TYPE = YES_ERROR;
				GCC_WARN_UNDECLARED_SELECTOR = YES;
				GCC_WARN_UNINITIALIZED_AUTOS = YES_AGGRESSIVE;
				GCC_WARN_UNUSED_FUNCTION = YES;
				GCC_WARN_UNUSED_VARIABLE = YES;
				IPHONEOS_DEPLOYMENT_TARGET = 12.1;
				MTL_ENABLE_DEBUG_INFO = INCLUDE_SOURCE;
				MTL_FAST_MATH = YES;
				ONLY_ACTIVE_ARCH = YES;
				SDKROOT = iphoneos;
				SWIFT_ACTIVE_COMPILATION_CONDITIONS = DEBUG;
				SWIFT_OPTIMIZATION_LEVEL = "-Onone";
			};
			name = Debug;
		};
		2DA43CED21DE4EF100ED94DD /* Release */ = {
			isa = XCBuildConfiguration;
			buildSettings = {
				ALWAYS_SEARCH_USER_PATHS = NO;
				CLANG_ANALYZER_NONNULL = YES;
				CLANG_ANALYZER_NUMBER_OBJECT_CONVERSION = YES_AGGRESSIVE;
				CLANG_CXX_LANGUAGE_STANDARD = "gnu++14";
				CLANG_CXX_LIBRARY = "libc++";
				CLANG_ENABLE_MODULES = YES;
				CLANG_ENABLE_OBJC_ARC = YES;
				CLANG_ENABLE_OBJC_WEAK = YES;
				CLANG_WARN_BLOCK_CAPTURE_AUTORELEASING = YES;
				CLANG_WARN_BOOL_CONVERSION = YES;
				CLANG_WARN_COMMA = YES;
				CLANG_WARN_CONSTANT_CONVERSION = YES;
				CLANG_WARN_DEPRECATED_OBJC_IMPLEMENTATIONS = YES;
				CLANG_WARN_DIRECT_OBJC_ISA_USAGE = YES_ERROR;
				CLANG_WARN_DOCUMENTATION_COMMENTS = YES;
				CLANG_WARN_EMPTY_BODY = YES;
				CLANG_WARN_ENUM_CONVERSION = YES;
				CLANG_WARN_INFINITE_RECURSION = YES;
				CLANG_WARN_INT_CONVERSION = YES;
				CLANG_WARN_NON_LITERAL_NULL_CONVERSION = YES;
				CLANG_WARN_OBJC_IMPLICIT_RETAIN_SELF = YES;
				CLANG_WARN_OBJC_LITERAL_CONVERSION = YES;
				CLANG_WARN_OBJC_ROOT_CLASS = YES_ERROR;
				CLANG_WARN_RANGE_LOOP_ANALYSIS = YES;
				CLANG_WARN_STRICT_PROTOTYPES = YES;
				CLANG_WARN_SUSPICIOUS_MOVE = YES;
				CLANG_WARN_UNGUARDED_AVAILABILITY = YES_AGGRESSIVE;
				CLANG_WARN_UNREACHABLE_CODE = YES;
				CLANG_WARN__DUPLICATE_METHOD_MATCH = YES;
				CODE_SIGN_IDENTITY = "iPhone Developer";
				COPY_PHASE_STRIP = NO;
				DEBUG_INFORMATION_FORMAT = "dwarf-with-dsym";
				ENABLE_NS_ASSERTIONS = NO;
				ENABLE_STRICT_OBJC_MSGSEND = YES;
				GCC_C_LANGUAGE_STANDARD = gnu11;
				GCC_NO_COMMON_BLOCKS = YES;
				GCC_WARN_64_TO_32_BIT_CONVERSION = YES;
				GCC_WARN_ABOUT_RETURN_TYPE = YES_ERROR;
				GCC_WARN_UNDECLARED_SELECTOR = YES;
				GCC_WARN_UNINITIALIZED_AUTOS = YES_AGGRESSIVE;
				GCC_WARN_UNUSED_FUNCTION = YES;
				GCC_WARN_UNUSED_VARIABLE = YES;
				IPHONEOS_DEPLOYMENT_TARGET = 12.1;
				MTL_ENABLE_DEBUG_INFO = NO;
				MTL_FAST_MATH = YES;
				SDKROOT = iphoneos;
				SWIFT_COMPILATION_MODE = wholemodule;
				SWIFT_OPTIMIZATION_LEVEL = "-O";
				VALIDATE_PRODUCT = YES;
			};
			name = Release;
		};
		2DA43CEF21DE4EF100ED94DD /* Debug */ = {
			isa = XCBuildConfiguration;
			buildSettings = {
				ASSETCATALOG_COMPILER_APPICON_NAME = AppIcon;
				CODE_SIGN_STYLE = Automatic;
				INFOPLIST_FILE = sample/Info.plist;
				LD_RUNPATH_SEARCH_PATHS = (
					"$(inherited)",
					"@executable_path/Frameworks",
				);
				PRODUCT_BUNDLE_IDENTIFIER = uraura.sample;
				PRODUCT_NAME = "$(TARGET_NAME)";
				SWIFT_VERSION = 4.2;
				TARGETED_DEVICE_FAMILY = "1,2";
			};
			name = Debug;
		};
		2DA43CF021DE4EF100ED94DD /* Release */ = {
			isa = XCBuildConfiguration;
			buildSettings = {
				ASSETCATALOG_COMPILER_APPICON_NAME = AppIcon;
				CODE_SIGN_STYLE = Automatic;
				INFOPLIST_FILE = sample/Info.plist;
				LD_RUNPATH_SEARCH_PATHS = (
					"$(inherited)",
					"@executable_path/Frameworks",
				);
				PRODUCT_BUNDLE_IDENTIFIER = uraura.sample;
				PRODUCT_NAME = "$(TARGET_NAME)";
				SWIFT_VERSION = 4.2;
				TARGETED_DEVICE_FAMILY = "1,2";
			};
			name = Release;
		};
		2DA43CF221DE4EF100ED94DD /* Debug */ = {
			isa = XCBuildConfiguration;
			buildSettings = {
				ALWAYS_EMBED_SWIFT_STANDARD_LIBRARIES = YES;
				BUNDLE_LOADER = "$(TEST_HOST)";
				CODE_SIGN_STYLE = Automatic;
				INFOPLIST_FILE = sampleTests/Info.plist;
				LD_RUNPATH_SEARCH_PATHS = (
					"$(inherited)",
					"@executable_path/Frameworks",
					"@loader_path/Frameworks",
				);
				PRODUCT_BUNDLE_IDENTIFIER = uraura.sampleTests;
				PRODUCT_NAME = "$(TARGET_NAME)";
				SWIFT_VERSION = 4.2;
				TARGETED_DEVICE_FAMILY = "1,2";
				TEST_HOST = "$(BUILT_PRODUCTS_DIR)/sample.app/sample";
			};
			name = Debug;
		};
		2DA43CF321DE4EF100ED94DD /* Release */ = {
			isa = XCBuildConfiguration;
			buildSettings = {
				ALWAYS_EMBED_SWIFT_STANDARD_LIBRARIES = YES;
				BUNDLE_LOADER = "$(TEST_HOST)";
				CODE_SIGN_STYLE = Automatic;
				INFOPLIST_FILE = sampleTests/Info.plist;
				LD_RUNPATH_SEARCH_PATHS = (
					"$(inherited)",
					"@executable_path/Frameworks",
					"@loader_path/Frameworks",
				);
				PRODUCT_BUNDLE_IDENTIFIER = uraura.sampleTests;
				PRODUCT_NAME = "$(TARGET_NAME)";
				SWIFT_VERSION = 4.2;
				TARGETED_DEVICE_FAMILY = "1,2";
				TEST_HOST = "$(BUILT_PRODUCTS_DIR)/sample.app/sample";
			};
			name = Release;
		};
		2DA43CF521DE4EF100ED94DD /* Debug */ = {
			isa = XCBuildConfiguration;
			buildSettings = {
				ALWAYS_EMBED_SWIFT_STANDARD_LIBRARIES = YES;
				CODE_SIGN_STYLE = Automatic;
				INFOPLIST_FILE = sampleUITests/Info.plist;
				LD_RUNPATH_SEARCH_PATHS = (
					"$(inherited)",
					"@executable_path/Frameworks",
					"@loader_path/Frameworks",
				);
				PRODUCT_BUNDLE_IDENTIFIER = uraura.sampleUITests;
				PRODUCT_NAME = "$(TARGET_NAME)";
				SWIFT_VERSION = 4.2;
				TARGETED_DEVICE_FAMILY = "1,2";
				TEST_TARGET_NAME = sample;
			};
			name = Debug;
		};
		2DA43CF621DE4EF100ED94DD /* Release */ = {
			isa = XCBuildConfiguration;
			buildSettings = {
				ALWAYS_EMBED_SWIFT_STANDARD_LIBRARIES = YES;
				CODE_SIGN_STYLE = Automatic;
				INFOPLIST_FILE = sampleUITests/Info.plist;
				LD_RUNPATH_SEARCH_PATHS = (
					"$(inherited)",
					"@executable_path/Frameworks",
					"@loader_path/Frameworks",
				);
				PRODUCT_BUNDLE_IDENTIFIER = uraura.sampleUITests;
				PRODUCT_NAME = "$(TARGET_NAME)";
				SWIFT_VERSION = 4.2;
				TARGETED_DEVICE_FAMILY = "1,2";
				TEST_TARGET_NAME = sample;
			};
			name = Release;
		};
/* End XCBuildConfiguration section */

/* Begin XCConfigurationList section */
		2DA43CC121DE4EF000ED94DD /* Build configuration list for PBXProject "sample" */ = {
			isa = XCConfigurationList;
			buildConfigurations = (
				2DA43CEC21DE4EF100ED94DD /* Debug */,
				2DA43CED21DE4EF100ED94DD /* Release */,
			);
			defaultConfigurationIsVisible = 0;
			defaultConfigurationName = Release;
		};
		2DA43CEE21DE4EF100ED94DD /* Build configuration list for PBXNativeTarget "sample" */ = {
			isa = XCConfigurationList;
			buildConfigurations = (
				2DA43CEF21DE4EF100ED94DD /* Debug */,
				2DA43CF021DE4EF100ED94DD /* Release */,
			);
			defaultConfigurationIsVisible = 0;
			defaultConfigurationName = Release;
		};
		2DA43CF121DE4EF100ED94DD /* Build configuration list for PBXNativeTarget "sampleTests" */ = {
			isa = XCConfigurationList;
			buildConfigurations = (
				2DA43CF221DE4EF100ED94DD /* Debug */,
				2DA43CF321DE4EF100ED94DD /* Release */,
			);
			defaultConfigurationIsVisible = 0;
			defaultConfigurationName = Release;
		};
		2DA43CF421DE4EF100ED94DD /* Build configuration list for PBXNativeTarget "sampleUITests" */ = {
			isa = XCConfigurationList;
			buildConfigurations = (
				2DA43CF521DE4EF100ED94DD /* Debug */,
				2DA43CF621DE4EF100ED94DD /* Release */,
			);
			defaultConfigurationIsVisible = 0;
			defaultConfigurationName = Release;
		};
/* End XCConfigurationList section */
	};
	rootObject = 2DA43CBE21DE4EF000ED94DD /* Project object */;
}
